// !$*UTF8*$!
{
	archiveVersion = 1;
	classes = {
	};
	objectVersion = 50;
	objects = {

/* Begin PBXBuildFile section */
		47067B822201096B006D598D /* customNavBar.swift in Sources */ = {isa = PBXBuildFile; fileRef = 47067B812201096B006D598D /* customNavBar.swift */; };
		4759261B2208C2A8007C2177 /* APIRequestFetcher.swift in Sources */ = {isa = PBXBuildFile; fileRef = 4759261A2208C2A8007C2177 /* APIRequestFetcher.swift */; };
		476EB11C21F6747E0053961E /* AppDelegate.swift in Sources */ = {isa = PBXBuildFile; fileRef = 476EB11B21F6747E0053961E /* AppDelegate.swift */; };
		476EB12121F6747E0053961E /* Main.storyboard in Resources */ = {isa = PBXBuildFile; fileRef = 476EB11F21F6747E0053961E /* Main.storyboard */; };
		476EB12421F6747E0053961E /* watchlist.xcdatamodeld in Sources */ = {isa = PBXBuildFile; fileRef = 476EB12221F6747E0053961E /* watchlist.xcdatamodeld */; };
		476EB12621F6747F0053961E /* Assets.xcassets in Resources */ = {isa = PBXBuildFile; fileRef = 476EB12521F6747F0053961E /* Assets.xcassets */; };
		476EB12921F6747F0053961E /* LaunchScreen.storyboard in Resources */ = {isa = PBXBuildFile; fileRef = 476EB12721F6747F0053961E /* LaunchScreen.storyboard */; };
		476FE060220956DE006DA384 /* dummyData.json in Resources */ = {isa = PBXBuildFile; fileRef = 476FE05F220956DE006DA384 /* dummyData.json */; };
		478E822B21FF98BB00CDE115 /* movieCollectionVC.swift in Sources */ = {isa = PBXBuildFile; fileRef = 478E822A21FF98BB00CDE115 /* movieCollectionVC.swift */; };
		478E822D21FFA18200CDE115 /* movieCell.swift in Sources */ = {isa = PBXBuildFile; fileRef = 478E822C21FFA18200CDE115 /* movieCell.swift */; };
		478E823321FFAB6800CDE115 /* movieDetailVC.swift in Sources */ = {isa = PBXBuildFile; fileRef = 478E823221FFAB6800CDE115 /* movieDetailVC.swift */; };
		47FFB1322200268A0022FE89 /* buttonCell.swift in Sources */ = {isa = PBXBuildFile; fileRef = 47FFB1312200268A0022FE89 /* buttonCell.swift */; };
		47FFB13422002F610022FE89 /* searchVC.swift in Sources */ = {isa = PBXBuildFile; fileRef = 47FFB13322002F610022FE89 /* searchVC.swift */; };
		68A5DD3E47667A33396CC7D8 /* Pods_watchlist.framework in Frameworks */ = {isa = PBXBuildFile; fileRef = 758A5B11A6394143BFF61850 /* Pods_watchlist.framework */; };
/* End PBXBuildFile section */

/* Begin PBXFileReference section */
		47067B812201096B006D598D /* customNavBar.swift */ = {isa = PBXFileReference; lastKnownFileType = sourcecode.swift; path = customNavBar.swift; sourceTree = "<group>"; };
		4759261A2208C2A8007C2177 /* APIRequestFetcher.swift */ = {isa = PBXFileReference; lastKnownFileType = sourcecode.swift; path = APIRequestFetcher.swift; sourceTree = "<group>"; };
		476EB11821F6747E0053961E /* watchlist.app */ = {isa = PBXFileReference; explicitFileType = wrapper.application; includeInIndex = 0; path = watchlist.app; sourceTree = BUILT_PRODUCTS_DIR; };
		476EB11B21F6747E0053961E /* AppDelegate.swift */ = {isa = PBXFileReference; lastKnownFileType = sourcecode.swift; path = AppDelegate.swift; sourceTree = "<group>"; };
		476EB12021F6747E0053961E /* Base */ = {isa = PBXFileReference; lastKnownFileType = file.storyboard; name = Base; path = Base.lproj/Main.storyboard; sourceTree = "<group>"; };
		476EB12321F6747E0053961E /* watchlist.xcdatamodel */ = {isa = PBXFileReference; lastKnownFileType = wrapper.xcdatamodel; path = watchlist.xcdatamodel; sourceTree = "<group>"; };
		476EB12521F6747F0053961E /* Assets.xcassets */ = {isa = PBXFileReference; lastKnownFileType = folder.assetcatalog; path = Assets.xcassets; sourceTree = "<group>"; };
		476EB12821F6747F0053961E /* Base */ = {isa = PBXFileReference; lastKnownFileType = file.storyboard; name = Base; path = Base.lproj/LaunchScreen.storyboard; sourceTree = "<group>"; };
		476EB12A21F6747F0053961E /* Info.plist */ = {isa = PBXFileReference; lastKnownFileType = text.plist.xml; path = Info.plist; sourceTree = "<group>"; };
		476FE05F220956DE006DA384 /* dummyData.json */ = {isa = PBXFileReference; lastKnownFileType = text.json; path = dummyData.json; sourceTree = "<group>"; };
		478E822A21FF98BB00CDE115 /* movieCollectionVC.swift */ = {isa = PBXFileReference; lastKnownFileType = sourcecode.swift; path = movieCollectionVC.swift; sourceTree = "<group>"; };
		478E822C21FFA18200CDE115 /* movieCell.swift */ = {isa = PBXFileReference; lastKnownFileType = sourcecode.swift; path = movieCell.swift; sourceTree = "<group>"; };
		478E823221FFAB6800CDE115 /* movieDetailVC.swift */ = {isa = PBXFileReference; lastKnownFileType = sourcecode.swift; path = movieDetailVC.swift; sourceTree = "<group>"; };
		47FFB1312200268A0022FE89 /* buttonCell.swift */ = {isa = PBXFileReference; lastKnownFileType = sourcecode.swift; path = buttonCell.swift; sourceTree = "<group>"; };
		47FFB13322002F610022FE89 /* searchVC.swift */ = {isa = PBXFileReference; lastKnownFileType = sourcecode.swift; path = searchVC.swift; sourceTree = "<group>"; };
		758A5B11A6394143BFF61850 /* Pods_watchlist.framework */ = {isa = PBXFileReference; explicitFileType = wrapper.framework; includeInIndex = 0; path = Pods_watchlist.framework; sourceTree = BUILT_PRODUCTS_DIR; };
		CDBB83EE9A9FEDBC16302C19 /* Pods-watchlist.release.xcconfig */ = {isa = PBXFileReference; includeInIndex = 1; lastKnownFileType = text.xcconfig; name = "Pods-watchlist.release.xcconfig"; path = "Pods/Target Support Files/Pods-watchlist/Pods-watchlist.release.xcconfig"; sourceTree = "<group>"; };
		E9CA8C29225D36D2F40E09B2 /* Pods-watchlist.debug.xcconfig */ = {isa = PBXFileReference; includeInIndex = 1; lastKnownFileType = text.xcconfig; name = "Pods-watchlist.debug.xcconfig"; path = "Pods/Target Support Files/Pods-watchlist/Pods-watchlist.debug.xcconfig"; sourceTree = "<group>"; };
/* End PBXFileReference section */

/* Begin PBXFrameworksBuildPhase section */
		476EB11521F6747E0053961E /* Frameworks */ = {
			isa = PBXFrameworksBuildPhase;
			buildActionMask = 2147483647;
			files = (
				68A5DD3E47667A33396CC7D8 /* Pods_watchlist.framework in Frameworks */,
			);
			runOnlyForDeploymentPostprocessing = 0;
		};
/* End PBXFrameworksBuildPhase section */

/* Begin PBXGroup section */
		27727704FAD1F38BA0187382 /* Pods */ = {
			isa = PBXGroup;
			children = (
				E9CA8C29225D36D2F40E09B2 /* Pods-watchlist.debug.xcconfig */,
				CDBB83EE9A9FEDBC16302C19 /* Pods-watchlist.release.xcconfig */,
			);
			name = Pods;
			sourceTree = "<group>";
		};
		470C21232201F723008079B9 /* Controllers */ = {
			isa = PBXGroup;
			children = (
				47067B812201096B006D598D /* customNavBar.swift */,
				478E822A21FF98BB00CDE115 /* movieCollectionVC.swift */,
				47FFB13322002F610022FE89 /* searchVC.swift */,
				478E823221FFAB6800CDE115 /* movieDetailVC.swift */,
			);
			path = Controllers;
			sourceTree = "<group>";
		};
		470C21242201F743008079B9 /* Views */ = {
			isa = PBXGroup;
			children = (
				478E822C21FFA18200CDE115 /* movieCell.swift */,
				47FFB1312200268A0022FE89 /* buttonCell.swift */,
			);
			path = Views;
			sourceTree = "<group>";
		};
		470C21252201FF15008079B9 /* SupportFiles */ = {
			isa = PBXGroup;
			children = (
				476EB11B21F6747E0053961E /* AppDelegate.swift */,
				476EB11F21F6747E0053961E /* Main.storyboard */,
				476FE05F220956DE006DA384 /* dummyData.json */,
				476EB12521F6747F0053961E /* Assets.xcassets */,
				476EB12721F6747F0053961E /* LaunchScreen.storyboard */,
				476EB12A21F6747F0053961E /* Info.plist */,
				476EB12221F6747E0053961E /* watchlist.xcdatamodeld */,
				4759261A2208C2A8007C2177 /* APIRequestFetcher.swift */,
			);
			path = SupportFiles;
			sourceTree = "<group>";
		};
		476EB10F21F6747E0053961E = {
			isa = PBXGroup;
			children = (
				476EB11A21F6747E0053961E /* watchlist */,
				476EB11921F6747E0053961E /* Products */,
				27727704FAD1F38BA0187382 /* Pods */,
				6B88D2E3F149787598CB0654 /* Frameworks */,
			);
			sourceTree = "<group>";
		};
		476EB11921F6747E0053961E /* Products */ = {
			isa = PBXGroup;
			children = (
				476EB11821F6747E0053961E /* watchlist.app */,
			);
			name = Products;
			sourceTree = "<group>";
		};
		476EB11A21F6747E0053961E /* watchlist */ = {
			isa = PBXGroup;
			children = (
				470C21242201F743008079B9 /* Views */,
				470C21232201F723008079B9 /* Controllers */,
				470C21252201FF15008079B9 /* SupportFiles */,
			);
			path = watchlist;
			sourceTree = "<group>";
		};
		6B88D2E3F149787598CB0654 /* Frameworks */ = {
			isa = PBXGroup;
			children = (
				758A5B11A6394143BFF61850 /* Pods_watchlist.framework */,
			);
			name = Frameworks;
			sourceTree = "<group>";
		};
/* End PBXGroup section */

/* Begin PBXNativeTarget section */
		476EB11721F6747E0053961E /* watchlist */ = {
			isa = PBXNativeTarget;
			buildConfigurationList = 476EB12D21F6747F0053961E /* Build configuration list for PBXNativeTarget "watchlist" */;
			buildPhases = (
				A0FA1311C6F1A4E79B46DB74 /* [CP] Check Pods Manifest.lock */,
				476EB11421F6747E0053961E /* Sources */,
				476EB11521F6747E0053961E /* Frameworks */,
				476EB11621F6747E0053961E /* Resources */,
				8F7942E7D847D656BE08337B /* [CP] Embed Pods Frameworks */,
			);
			buildRules = (
			);
			dependencies = (
			);
			name = watchlist;
			productName = watchlist;
			productReference = 476EB11821F6747E0053961E /* watchlist.app */;
			productType = "com.apple.product-type.application";
		};
/* End PBXNativeTarget section */

/* Begin PBXProject section */
		476EB11021F6747E0053961E /* Project object */ = {
			isa = PBXProject;
			attributes = {
				LastSwiftUpdateCheck = 1010;
				LastUpgradeCheck = 1010;
				ORGANIZATIONNAME = "Clay Tercek";
				TargetAttributes = {
					476EB11721F6747E0053961E = {
						CreatedOnToolsVersion = 10.1;
					};
				};
			};
			buildConfigurationList = 476EB11321F6747E0053961E /* Build configuration list for PBXProject "watchlist" */;
			compatibilityVersion = "Xcode 9.3";
			developmentRegion = en;
			hasScannedForEncodings = 0;
			knownRegions = (
				en,
				Base,
			);
			mainGroup = 476EB10F21F6747E0053961E;
			productRefGroup = 476EB11921F6747E0053961E /* Products */;
			projectDirPath = "";
			projectRoot = "";
			targets = (
				476EB11721F6747E0053961E /* watchlist */,
			);
		};
/* End PBXProject section */

/* Begin PBXResourcesBuildPhase section */
		476EB11621F6747E0053961E /* Resources */ = {
			isa = PBXResourcesBuildPhase;
			buildActionMask = 2147483647;
			files = (
				476FE060220956DE006DA384 /* dummyData.json in Resources */,
				476EB12921F6747F0053961E /* LaunchScreen.storyboard in Resources */,
				476EB12621F6747F0053961E /* Assets.xcassets in Resources */,
				476EB12121F6747E0053961E /* Main.storyboard in Resources */,
			);
			runOnlyForDeploymentPostprocessing = 0;
		};
/* End PBXResourcesBuildPhase section */

/* Begin PBXShellScriptBuildPhase section */
		8F7942E7D847D656BE08337B /* [CP] Embed Pods Frameworks */ = {
			isa = PBXShellScriptBuildPhase;
			buildActionMask = 2147483647;
			files = (
			);
			inputFileListPaths = (
			);
			inputPaths = (
				"${SRCROOT}/Pods/Target Support Files/Pods-watchlist/Pods-watchlist-frameworks.sh",
				"${BUILT_PRODUCTS_DIR}/Alamofire/Alamofire.framework",
				"${BUILT_PRODUCTS_DIR}/SwiftyJSON/SwiftyJSON.framework",
			);
			name = "[CP] Embed Pods Frameworks";
			outputFileListPaths = (
			);
			outputPaths = (
				"${TARGET_BUILD_DIR}/${FRAMEWORKS_FOLDER_PATH}/Alamofire.framework",
				"${TARGET_BUILD_DIR}/${FRAMEWORKS_FOLDER_PATH}/SwiftyJSON.framework",
			);
			runOnlyForDeploymentPostprocessing = 0;
			shellPath = /bin/sh;
			shellScript = "\"${SRCROOT}/Pods/Target Support Files/Pods-watchlist/Pods-watchlist-frameworks.sh\"\n";
			showEnvVarsInLog = 0;
		};
		A0FA1311C6F1A4E79B46DB74 /* [CP] Check Pods Manifest.lock */ = {
			isa = PBXShellScriptBuildPhase;
			buildActionMask = 2147483647;
			files = (
			);
			inputFileListPaths = (
			);
			inputPaths = (
				"${PODS_PODFILE_DIR_PATH}/Podfile.lock",
				"${PODS_ROOT}/Manifest.lock",
			);
			name = "[CP] Check Pods Manifest.lock";
			outputFileListPaths = (
			);
			outputPaths = (
				"$(DERIVED_FILE_DIR)/Pods-watchlist-checkManifestLockResult.txt",
			);
			runOnlyForDeploymentPostprocessing = 0;
			shellPath = /bin/sh;
			shellScript = "diff \"${PODS_PODFILE_DIR_PATH}/Podfile.lock\" \"${PODS_ROOT}/Manifest.lock\" > /dev/null\nif [ $? != 0 ] ; then\n    # print error to STDERR\n    echo \"error: The sandbox is not in sync with the Podfile.lock. Run 'pod install' or update your CocoaPods installation.\" >&2\n    exit 1\nfi\n# This output is used by Xcode 'outputs' to avoid re-running this script phase.\necho \"SUCCESS\" > \"${SCRIPT_OUTPUT_FILE_0}\"\n";
			showEnvVarsInLog = 0;
		};
/* End PBXShellScriptBuildPhase section */

/* Begin PBXSourcesBuildPhase section */
		476EB11421F6747E0053961E /* Sources */ = {
			isa = PBXSourcesBuildPhase;
			buildActionMask = 2147483647;
			files = (
				4759261B2208C2A8007C2177 /* APIRequestFetcher.swift in Sources */,
				476EB12421F6747E0053961E /* watchlist.xcdatamodeld in Sources */,
				478E822B21FF98BB00CDE115 /* movieCollectionVC.swift in Sources */,
				478E822D21FFA18200CDE115 /* movieCell.swift in Sources */,
				476EB11C21F6747E0053961E /* AppDelegate.swift in Sources */,
				47FFB13422002F610022FE89 /* searchVC.swift in Sources */,
				47067B822201096B006D598D /* customNavBar.swift in Sources */,
				478E823321FFAB6800CDE115 /* movieDetailVC.swift in Sources */,
				47FFB1322200268A0022FE89 /* buttonCell.swift in Sources */,
			);
			runOnlyForDeploymentPostprocessing = 0;
		};
/* End PBXSourcesBuildPhase section */

/* Begin PBXVariantGroup section */
		476EB11F21F6747E0053961E /* Main.storyboard */ = {
			isa = PBXVariantGroup;
			children = (
				476EB12021F6747E0053961E /* Base */,
			);
			name = Main.storyboard;
			sourceTree = "<group>";
		};
		476EB12721F6747F0053961E /* LaunchScreen.storyboard */ = {
			isa = PBXVariantGroup;
			children = (
				476EB12821F6747F0053961E /* Base */,
			);
			name = LaunchScreen.storyboard;
			sourceTree = "<group>";
		};
/* End PBXVariantGroup section */

/* Begin XCBuildConfiguration section */
		476EB12B21F6747F0053961E /* Debug */ = {
			isa = XCBuildConfiguration;
			buildSettings = {
				ALWAYS_SEARCH_USER_PATHS = NO;
				CLANG_ANALYZER_NONNULL = YES;
				CLANG_ANALYZER_NUMBER_OBJECT_CONVERSION = YES_AGGRESSIVE;
				CLANG_CXX_LANGUAGE_STANDARD = "gnu++14";
				CLANG_CXX_LIBRARY = "libc++";
				CLANG_ENABLE_MODULES = YES;
				CLANG_ENABLE_OBJC_ARC = YES;
				CLANG_ENABLE_OBJC_WEAK = YES;
				CLANG_WARN_BLOCK_CAPTURE_AUTORELEASING = YES;
				CLANG_WARN_BOOL_CONVERSION = YES;
				CLANG_WARN_COMMA = YES;
				CLANG_WARN_CONSTANT_CONVERSION = YES;
				CLANG_WARN_DEPRECATED_OBJC_IMPLEMENTATIONS = YES;
				CLANG_WARN_DIRECT_OBJC_ISA_USAGE = YES_ERROR;
				CLANG_WARN_DOCUMENTATION_COMMENTS = YES;
				CLANG_WARN_EMPTY_BODY = YES;
				CLANG_WARN_ENUM_CONVERSION = YES;
				CLANG_WARN_INFINITE_RECURSION = YES;
				CLANG_WARN_INT_CONVERSION = YES;
				CLANG_WARN_NON_LITERAL_NULL_CONVERSION = YES;
				CLANG_WARN_OBJC_IMPLICIT_RETAIN_SELF = YES;
				CLANG_WARN_OBJC_LITERAL_CONVERSION = YES;
				CLANG_WARN_OBJC_ROOT_CLASS = YES_ERROR;
				CLANG_WARN_RANGE_LOOP_ANALYSIS = YES;
				CLANG_WARN_STRICT_PROTOTYPES = YES;
				CLANG_WARN_SUSPICIOUS_MOVE = YES;
				CLANG_WARN_UNGUARDED_AVAILABILITY = YES_AGGRESSIVE;
				CLANG_WARN_UNREACHABLE_CODE = YES;
				CLANG_WARN__DUPLICATE_METHOD_MATCH = YES;
				CODE_SIGN_IDENTITY = "iPhone Developer";
				COPY_PHASE_STRIP = NO;
				DEBUG_INFORMATION_FORMAT = dwarf;
				ENABLE_STRICT_OBJC_MSGSEND = YES;
				ENABLE_TESTABILITY = YES;
				GCC_C_LANGUAGE_STANDARD = gnu11;
				GCC_DYNAMIC_NO_PIC = NO;
				GCC_NO_COMMON_BLOCKS = YES;
				GCC_OPTIMIZATION_LEVEL = 0;
				GCC_PREPROCESSOR_DEFINITIONS = (
					"DEBUG=1",
					"$(inherited)",
				);
				GCC_WARN_64_TO_32_BIT_CONVERSION = YES;
				GCC_WARN_ABOUT_RETURN_TYPE = YES_ERROR;
				GCC_WARN_UNDECLARED_SELECTOR = YES;
				GCC_WARN_UNINITIALIZED_AUTOS = YES_AGGRESSIVE;
				GCC_WARN_UNUSED_FUNCTION = YES;
				GCC_WARN_UNUSED_VARIABLE = YES;
				IPHONEOS_DEPLOYMENT_TARGET = 12.1;
				MTL_ENABLE_DEBUG_INFO = INCLUDE_SOURCE;
				MTL_FAST_MATH = YES;
				ONLY_ACTIVE_ARCH = YES;
				SDKROOT = iphoneos;
				SWIFT_ACTIVE_COMPILATION_CONDITIONS = DEBUG;
				SWIFT_OPTIMIZATION_LEVEL = "-Onone";
			};
			name = Debug;
		};
		476EB12C21F6747F0053961E /* Release */ = {
			isa = XCBuildConfiguration;
			buildSettings = {
				ALWAYS_SEARCH_USER_PATHS = NO;
				CLANG_ANALYZER_NONNULL = YES;
				CLANG_ANALYZER_NUMBER_OBJECT_CONVERSION = YES_AGGRESSIVE;
				CLANG_CXX_LANGUAGE_STANDARD = "gnu++14";
				CLANG_CXX_LIBRARY = "libc++";
				CLANG_ENABLE_MODULES = YES;
				CLANG_ENABLE_OBJC_ARC = YES;
				CLANG_ENABLE_OBJC_WEAK = YES;
				CLANG_WARN_BLOCK_CAPTURE_AUTORELEASING = YES;
				CLANG_WARN_BOOL_CONVERSION = YES;
				CLANG_WARN_COMMA = YES;
				CLANG_WARN_CONSTANT_CONVERSION = YES;
				CLANG_WARN_DEPRECATED_OBJC_IMPLEMENTATIONS = YES;
				CLANG_WARN_DIRECT_OBJC_ISA_USAGE = YES_ERROR;
				CLANG_WARN_DOCUMENTATION_COMMENTS = YES;
				CLANG_WARN_EMPTY_BODY = YES;
				CLANG_WARN_ENUM_CONVERSION = YES;
				CLANG_WARN_INFINITE_RECURSION = YES;
				CLANG_WARN_INT_CONVERSION = YES;
				CLANG_WARN_NON_LITERAL_NULL_CONVERSION = YES;
				CLANG_WARN_OBJC_IMPLICIT_RETAIN_SELF = YES;
				CLANG_WARN_OBJC_LITERAL_CONVERSION = YES;
				CLANG_WARN_OBJC_ROOT_CLASS = YES_ERROR;
				CLANG_WARN_RANGE_LOOP_ANALYSIS = YES;
				CLANG_WARN_STRICT_PROTOTYPES = YES;
				CLANG_WARN_SUSPICIOUS_MOVE = YES;
				CLANG_WARN_UNGUARDED_AVAILABILITY = YES_AGGRESSIVE;
				CLANG_WARN_UNREACHABLE_CODE = YES;
				CLANG_WARN__DUPLICATE_METHOD_MATCH = YES;
				CODE_SIGN_IDENTITY = "iPhone Developer";
				COPY_PHASE_STRIP = NO;
				DEBUG_INFORMATION_FORMAT = "dwarf-with-dsym";
				ENABLE_NS_ASSERTIONS = NO;
				ENABLE_STRICT_OBJC_MSGSEND = YES;
				GCC_C_LANGUAGE_STANDARD = gnu11;
				GCC_NO_COMMON_BLOCKS = YES;
				GCC_WARN_64_TO_32_BIT_CONVERSION = YES;
				GCC_WARN_ABOUT_RETURN_TYPE = YES_ERROR;
				GCC_WARN_UNDECLARED_SELECTOR = YES;
				GCC_WARN_UNINITIALIZED_AUTOS = YES_AGGRESSIVE;
				GCC_WARN_UNUSED_FUNCTION = YES;
				GCC_WARN_UNUSED_VARIABLE = YES;
				IPHONEOS_DEPLOYMENT_TARGET = 12.1;
				MTL_ENABLE_DEBUG_INFO = NO;
				MTL_FAST_MATH = YES;
				SDKROOT = iphoneos;
				SWIFT_COMPILATION_MODE = wholemodule;
				SWIFT_OPTIMIZATION_LEVEL = "-O";
				VALIDATE_PRODUCT = YES;
			};
			name = Release;
		};
		476EB12E21F6747F0053961E /* Debug */ = {
			isa = XCBuildConfiguration;
			baseConfigurationReference = E9CA8C29225D36D2F40E09B2 /* Pods-watchlist.debug.xcconfig */;
			buildSettings = {
				ALWAYS_EMBED_SWIFT_STANDARD_LIBRARIES = YES;
				ASSETCATALOG_COMPILER_APPICON_NAME = AppIcon;
				CODE_SIGN_STYLE = Automatic;
				DEVELOPMENT_TEAM = DE2XDV5S83;
				INFOPLIST_FILE = "$(SRCROOT)/watchlist/SupportFiles/Info.plist";
				LD_RUNPATH_SEARCH_PATHS = (
					"$(inherited)",
					"@executable_path/Frameworks",
				);
				PRODUCT_BUNDLE_IDENTIFIER = claytercek.watchlist;
				PRODUCT_NAME = "$(TARGET_NAME)";
				SWIFT_VERSION = 4.2;
				TARGETED_DEVICE_FAMILY = 1;
			};
			name = Debug;
		};
		476EB12F21F6747F0053961E /* Release */ = {
			isa = XCBuildConfiguration;
			baseConfigurationReference = CDBB83EE9A9FEDBC16302C19 /* Pods-watchlist.release.xcconfig */;
			buildSettings = {
				ALWAYS_EMBED_SWIFT_STANDARD_LIBRARIES = YES;
				ASSETCATALOG_COMPILER_APPICON_NAME = AppIcon;
				CODE_SIGN_STYLE = Automatic;
				DEVELOPMENT_TEAM = DE2XDV5S83;
				INFOPLIST_FILE = "$(SRCROOT)/watchlist/SupportFiles/Info.plist";
				LD_RUNPATH_SEARCH_PATHS = (
					"$(inherited)",
					"@executable_path/Frameworks",
				);
				PRODUCT_BUNDLE_IDENTIFIER = claytercek.watchlist;
				PRODUCT_NAME = "$(TARGET_NAME)";
				SWIFT_VERSION = 4.2;
				TARGETED_DEVICE_FAMILY = 1;
			};
			name = Release;
		};
/* End XCBuildConfiguration section */

/* Begin XCConfigurationList section */
		476EB11321F6747E0053961E /* Build configuration list for PBXProject "watchlist" */ = {
			isa = XCConfigurationList;
			buildConfigurations = (
				476EB12B21F6747F0053961E /* Debug */,
				476EB12C21F6747F0053961E /* Release */,
			);
			defaultConfigurationIsVisible = 0;
			defaultConfigurationName = Release;
		};
		476EB12D21F6747F0053961E /* Build configuration list for PBXNativeTarget "watchlist" */ = {
			isa = XCConfigurationList;
			buildConfigurations = (
				476EB12E21F6747F0053961E /* Debug */,
				476EB12F21F6747F0053961E /* Release */,
			);
			defaultConfigurationIsVisible = 0;
			defaultConfigurationName = Release;
		};
/* End XCConfigurationList section */

/* Begin XCVersionGroup section */
		476EB12221F6747E0053961E /* watchlist.xcdatamodeld */ = {
			isa = XCVersionGroup;
			children = (
				476EB12321F6747E0053961E /* watchlist.xcdatamodel */,
			);
			currentVersion = 476EB12321F6747E0053961E /* watchlist.xcdatamodel */;
			path = watchlist.xcdatamodeld;
			sourceTree = "<group>";
			versionGroupType = wrapper.xcdatamodel;
		};
/* End XCVersionGroup section */
	};
	rootObject = 476EB11021F6747E0053961E /* Project object */;
}
